
Microsoft Visual Studio Solution File, Format Version 12.00
# Visual Studio Version 17
VisualStudioVersion = 17.0.31903.59
MinimumVisualStudioVersion = 10.0.40219.1
Project("{FAE04EC0-301F-11D3-BF4B-00C04F79EFBC}") = "SmoothOperator", "SmoothOperator\SmoothOperator.csproj", "{3A358407-8E9B-4BED-AB5C-6AC3DE5B9067}"
EndProject
Project("{FAE04EC0-301F-11D3-BF4B-00C04F79EFBC}") = "VariousOperators", "VariousOperators\VariousOperators.csproj", "{993A03F9-F1BD-4FF7-A1FA-6EB1FAE19F24}"
EndProject
Global
	GlobalSection(SolutionConfigurationPlatforms) = preSolution
		Debug|Any CPU = Debug|Any CPU
		Release|Any CPU = Release|Any CPU
	EndGlobalSection
	GlobalSection(SolutionProperties) = preSolution
		HideSolutionNode = FALSE
	EndGlobalSection
	GlobalSection(ProjectConfigurationPlatforms) = postSolution
		{3A358407-8E9B-4BED-AB5C-6AC3DE5B9067}.Debug|Any CPU.ActiveCfg = Debug|Any CPU
		{3A358407-8E9B-4BED-AB5C-6AC3DE5B9067}.Debug|Any CPU.Build.0 = Debug|Any CPU
		{3A358407-8E9B-4BED-AB5C-6AC3DE5B9067}.Release|Any CPU.ActiveCfg = Release|Any CPU
		{3A358407-8E9B-4BED-AB5C-6AC3DE5B9067}.Release|Any CPU.Build.0 = Release|Any CPU
		{993A03F9-F1BD-4FF7-A1FA-6EB1FAE19F24}.Debug|Any CPU.ActiveCfg = Debug|Any CPU
		{993A03F9-F1BD-4FF7-A1FA-6EB1FAE19F24}.Debug|Any CPU.Build.0 = Debug|Any CPU
		{993A03F9-F1BD-4FF7-A1FA-6EB1FAE19F24}.Release|Any CPU.ActiveCfg = Release|Any CPU
		{993A03F9-F1BD-4FF7-A1FA-6EB1FAE19F24}.Release|Any CPU.Build.0 = Release|Any CPU
	EndGlobalSection
EndGlobal
